
Microsoft Visual Studio Solution File, Format Version 12.00
# Visual Studio Version 17
VisualStudioVersion = 17.5.002.0
MinimumVisualStudioVersion = 10.0.40219.1
Project("{9A19103F-16F7-4668-BE54-9A1E7A4F7556}") = "calculator", "calculator.csproj", "{1E9F80EB-A73C-4C81-A3A7-4DCB42B50B5F}"
EndProject
Global
	GlobalSection(SolutionConfigurationPlatforms) = preSolution
		Debug|Any CPU = Debug|Any CPU
		Release|Any CPU = Release|Any CPU
	EndGlobalSection
	GlobalSection(ProjectConfigurationPlatforms) = postSolution
		{1E9F80EB-A73C-4C81-A3A7-4DCB42B50B5F}.Debug|Any CPU.ActiveCfg = Debug|Any CPU
		{1E9F80EB-A73C-4C81-A3A7-4DCB42B50B5F}.Debug|Any CPU.Build.0 = Debug|Any CPU
		{1E9F80EB-A73C-4C81-A3A7-4DCB42B50B5F}.Release|Any CPU.ActiveCfg = Release|Any CPU
		{1E9F80EB-A73C-4C81-A3A7-4DCB42B50B5F}.Release|Any CPU.Build.0 = Release|Any CPU
	EndGlobalSection
	GlobalSection(SolutionProperties) = preSolution
		HideSolutionNode = FALSE
	EndGlobalSection
	GlobalSection(ExtensibilityGlobals) = postSolution
		SolutionGuid = {2AE7B524-D166-462D-BF25-559450C85476}
	EndGlobalSection
EndGlobal
